
Microsoft Visual Studio Solution File, Format Version 12.00
# Visual Studio Version 17
VisualStudioVersion = 17.2.32519.379
MinimumVisualStudioVersion = 10.0.40219.1
Project("{FAE04EC0-301F-11D3-BF4B-00C04F79EFBC}") = "BoletosDesktop", "BoletosDesktop.csproj", "{4ED3A767-8341-4F73-B76B-1398947D1421}"
EndProject
Global
	GlobalSection(SolutionConfigurationPlatforms) = preSolution
		Debug|Any CPU = Debug|Any CPU
		Release|Any CPU = Release|Any CPU
	EndGlobalSection
	GlobalSection(ProjectConfigurationPlatforms) = postSolution
		{4ED3A767-8341-4F73-B76B-1398947D1421}.Debug|Any CPU.ActiveCfg = Debug|Any CPU
		{4ED3A767-8341-4F73-B76B-1398947D1421}.Debug|Any CPU.Build.0 = Debug|Any CPU
		{4ED3A767-8341-4F73-B76B-1398947D1421}.Release|Any CPU.ActiveCfg = Release|Any CPU
		{4ED3A767-8341-4F73-B76B-1398947D1421}.Release|Any CPU.Build.0 = Release|Any CPU
	EndGlobalSection
	GlobalSection(SolutionProperties) = preSolution
		HideSolutionNode = FALSE
	EndGlobalSection
	GlobalSection(ExtensibilityGlobals) = postSolution
		SolutionGuid = {08E3D538-64A7-4463-B6B5-C8C39D605B4D}
	EndGlobalSection
EndGlobal
